
Microsoft Visual Studio Solution File, Format Version 12.00
# Visual Studio Version 16
VisualStudioVersion = 16.0.31313.79
MinimumVisualStudioVersion = 10.0.40219.1
Project("{9A19103F-16F7-4668-BE54-9A1E7A4F7556}") = "TODO.WF.Model", "TODO.WF.Model\TODO.WF.Model.csproj", "{67A74C7E-F253-49A3-B9A0-119ABAEC2B12}"
EndProject
Project("{9A19103F-16F7-4668-BE54-9A1E7A4F7556}") = "TODO.WF.Dal", "TODO.WF.Dal\TODO.WF.Dal.csproj", "{8B6A8FDE-78E5-4714-8F29-6ABD4419E061}"
EndProject
Project("{9A19103F-16F7-4668-BE54-9A1E7A4F7556}") = "TODO.WF.App", "TODO.WF.App\TODO.WF.App.csproj", "{8EE04766-B141-480E-B436-50F6919E2386}"
EndProject
Project("{9A19103F-16F7-4668-BE54-9A1E7A4F7556}") = "TODO.WF.Common", "TODO.WF.Common\TODO.WF.Common.csproj", "{F8012472-53AD-40A0-B528-63BA0C1E3CA1}"
EndProject
Project("{9A19103F-16F7-4668-BE54-9A1E7A4F7556}") = "TODO.WF.Service", "TODO.WF.Controller\TODO.WF.Service.csproj", "{8FC20978-4D79-4A89-B673-E14E25CE7E15}"
EndProject
Global
	GlobalSection(SolutionConfigurationPlatforms) = preSolution
		Debug|Any CPU = Debug|Any CPU
		Release|Any CPU = Release|Any CPU
	EndGlobalSection
	GlobalSection(ProjectConfigurationPlatforms) = postSolution
		{67A74C7E-F253-49A3-B9A0-119ABAEC2B12}.Debug|Any CPU.ActiveCfg = Debug|Any CPU
		{67A74C7E-F253-49A3-B9A0-119ABAEC2B12}.Debug|Any CPU.Build.0 = Debug|Any CPU
		{67A74C7E-F253-49A3-B9A0-119ABAEC2B12}.Release|Any CPU.ActiveCfg = Release|Any CPU
		{67A74C7E-F253-49A3-B9A0-119ABAEC2B12}.Release|Any CPU.Build.0 = Release|Any CPU
		{8B6A8FDE-78E5-4714-8F29-6ABD4419E061}.Debug|Any CPU.ActiveCfg = Debug|Any CPU
		{8B6A8FDE-78E5-4714-8F29-6ABD4419E061}.Debug|Any CPU.Build.0 = Debug|Any CPU
		{8B6A8FDE-78E5-4714-8F29-6ABD4419E061}.Release|Any CPU.ActiveCfg = Release|Any CPU
		{8B6A8FDE-78E5-4714-8F29-6ABD4419E061}.Release|Any CPU.Build.0 = Release|Any CPU
		{8EE04766-B141-480E-B436-50F6919E2386}.Debug|Any CPU.ActiveCfg = Debug|Any CPU
		{8EE04766-B141-480E-B436-50F6919E2386}.Debug|Any CPU.Build.0 = Debug|Any CPU
		{8EE04766-B141-480E-B436-50F6919E2386}.Release|Any CPU.ActiveCfg = Release|Any CPU
		{8EE04766-B141-480E-B436-50F6919E2386}.Release|Any CPU.Build.0 = Release|Any CPU
		{F8012472-53AD-40A0-B528-63BA0C1E3CA1}.Debug|Any CPU.ActiveCfg = Debug|Any CPU
		{F8012472-53AD-40A0-B528-63BA0C1E3CA1}.Debug|Any CPU.Build.0 = Debug|Any CPU
		{F8012472-53AD-40A0-B528-63BA0C1E3CA1}.Release|Any CPU.ActiveCfg = Release|Any CPU
		{F8012472-53AD-40A0-B528-63BA0C1E3CA1}.Release|Any CPU.Build.0 = Release|Any CPU
		{8FC20978-4D79-4A89-B673-E14E25CE7E15}.Debug|Any CPU.ActiveCfg = Debug|Any CPU
		{8FC20978-4D79-4A89-B673-E14E25CE7E15}.Debug|Any CPU.Build.0 = Debug|Any CPU
		{8FC20978-4D79-4A89-B673-E14E25CE7E15}.Release|Any CPU.ActiveCfg = Release|Any CPU
		{8FC20978-4D79-4A89-B673-E14E25CE7E15}.Release|Any CPU.Build.0 = Release|Any CPU
	EndGlobalSection
	GlobalSection(SolutionProperties) = preSolution
		HideSolutionNode = FALSE
	EndGlobalSection
	GlobalSection(ExtensibilityGlobals) = postSolution
		SolutionGuid = {892D9B40-B27B-4132-9F03-31B108F21B38}
	EndGlobalSection
EndGlobal
